
Microsoft Visual Studio Solution File, Format Version 12.00
# Visual Studio Version 17
VisualStudioVersion = 17.0.31912.275
MinimumVisualStudioVersion = 10.0.40219.1
Project("{FAE04EC0-301F-11D3-BF4B-00C04F79EFBC}") = "CATAGY_Kektura", "CATAGY_Kektura\CATAGY_Kektura.csproj", "{1C2B13D8-1117-4E35-A3F9-F2C6EF78C6DB}"
EndProject
Global
	GlobalSection(SolutionConfigurationPlatforms) = preSolution
		Debug|Any CPU = Debug|Any CPU
		Release|Any CPU = Release|Any CPU
	EndGlobalSection
	GlobalSection(ProjectConfigurationPlatforms) = postSolution
		{1C2B13D8-1117-4E35-A3F9-F2C6EF78C6DB}.Debug|Any CPU.ActiveCfg = Debug|Any CPU
		{1C2B13D8-1117-4E35-A3F9-F2C6EF78C6DB}.Debug|Any CPU.Build.0 = Debug|Any CPU
		{1C2B13D8-1117-4E35-A3F9-F2C6EF78C6DB}.Release|Any CPU.ActiveCfg = Release|Any CPU
		{1C2B13D8-1117-4E35-A3F9-F2C6EF78C6DB}.Release|Any CPU.Build.0 = Release|Any CPU
	EndGlobalSection
	GlobalSection(SolutionProperties) = preSolution
		HideSolutionNode = FALSE
	EndGlobalSection
	GlobalSection(ExtensibilityGlobals) = postSolution
		SolutionGuid = {0BB230BC-538B-498A-95C3-3148FB418BA4}
	EndGlobalSection
EndGlobal
